[packages]
  [packages.actionlint]
    version = "1.7.11-2"
  [packages.awscli]
    version = "2.34.19-3"
    sha256 = "aae43fec69991deeb67dadf94de8b0f6c3b3d99dc6ed5f1a87f4d4e950b13448"
  [packages.cmake]
    version = "4.3.1-2"
  [packages.expat]
    version = "2.7.5-2"
  [packages.flarectl]
    version = "0.116.0-2"
  [packages.gale]
    version = "0.14.0-1"
  [packages.git]
    version = "2.53.0"
    sha256 = "85bc533639a52c3de25bf7246e46e204faded224467fef941f685c9ee5531546"
  [packages.git-delta]
    version = "0.19.2"
    sha256 = "2dc89e46d8f4de23d6601813b6ec0ecddf06ebbec3d2145d0c560d94190713ef"
  [packages.httpie]
    version = "3.2.4"
    sha256 = "53c2a0f813da39ac22d40220b5e5b6b822727a17425fe50661ba2c6bc635c0d9"
  [packages.ncurses]
    version = "6.4-2"
  [packages.python]
    version = "3.14.4-3"
    sha256 = "f85cdbe2b09683ec831d9429d73629c32f6cf18c2947ad5ff7b533041f390b97"
  [packages.readline]
    version = "8.2-2"
  [packages.vibeutils]
    version = "0.9.3-2"
