[packages]
  [packages.gale]
    version = "0.8.2-dev.28+f4b69ea"
    sha256 = "d80cb45f06455e20cf3e1bc64b6524c1d2547eaa5c8606eb854a4c01e054fbbf"
  [packages.git]
    version = "2.53.0"
    sha256 = "fb39cb9512ee3ee4785841101dc2dd29e177beeadd46953d08a4b1747061e9ae"
  [packages.vibeutils]
    version = "0.8.2"
    sha256 = "286270472f03c866fe56875e3aabfe0beed558c2fb9c9ade16bcbc809e80661a"
